
Microsoft Visual Studio Solution File, Format Version 12.00
# Visual Studio Version 17
VisualStudioVersion = 17.9.34622.214
MinimumVisualStudioVersion = 10.0.40219.1
Project("{FAE04EC0-301F-11D3-BF4B-00C04F79EFBC}") = "ParOuImpar", "ParOuImpar\ParOuImpar.csproj", "{486AE52F-2DEC-46BF-9F8C-3576F555CFD0}"
EndProject
Project("{FAE04EC0-301F-11D3-BF4B-00C04F79EFBC}") = "Projeto", "Projeto\Projeto.csproj", "{539042A7-99EA-4A48-B754-DAC36850CFF4}"
EndProject
Project("{FAE04EC0-301F-11D3-BF4B-00C04F79EFBC}") = "FilaDeBanco", "FilaDeBanco\FilaDeBanco.csproj", "{536BCBD1-6D15-4878-8251-6E34F5ED7E8C}"
EndProject
Global
	GlobalSection(SolutionConfigurationPlatforms) = preSolution
		Debug|Any CPU = Debug|Any CPU
		Release|Any CPU = Release|Any CPU
	EndGlobalSection
	GlobalSection(ProjectConfigurationPlatforms) = postSolution
		{486AE52F-2DEC-46BF-9F8C-3576F555CFD0}.Debug|Any CPU.ActiveCfg = Debug|Any CPU
		{486AE52F-2DEC-46BF-9F8C-3576F555CFD0}.Debug|Any CPU.Build.0 = Debug|Any CPU
		{486AE52F-2DEC-46BF-9F8C-3576F555CFD0}.Release|Any CPU.ActiveCfg = Release|Any CPU
		{486AE52F-2DEC-46BF-9F8C-3576F555CFD0}.Release|Any CPU.Build.0 = Release|Any CPU
		{539042A7-99EA-4A48-B754-DAC36850CFF4}.Debug|Any CPU.ActiveCfg = Debug|Any CPU
		{539042A7-99EA-4A48-B754-DAC36850CFF4}.Debug|Any CPU.Build.0 = Debug|Any CPU
		{539042A7-99EA-4A48-B754-DAC36850CFF4}.Release|Any CPU.ActiveCfg = Release|Any CPU
		{539042A7-99EA-4A48-B754-DAC36850CFF4}.Release|Any CPU.Build.0 = Release|Any CPU
		{536BCBD1-6D15-4878-8251-6E34F5ED7E8C}.Debug|Any CPU.ActiveCfg = Debug|Any CPU
		{536BCBD1-6D15-4878-8251-6E34F5ED7E8C}.Debug|Any CPU.Build.0 = Debug|Any CPU
		{536BCBD1-6D15-4878-8251-6E34F5ED7E8C}.Release|Any CPU.ActiveCfg = Release|Any CPU
		{536BCBD1-6D15-4878-8251-6E34F5ED7E8C}.Release|Any CPU.Build.0 = Release|Any CPU
	EndGlobalSection
	GlobalSection(SolutionProperties) = preSolution
		HideSolutionNode = FALSE
	EndGlobalSection
	GlobalSection(ExtensibilityGlobals) = postSolution
		SolutionGuid = {A61255AA-D3E0-417D-8015-276F0FBBE97C}
	EndGlobalSection
EndGlobal
