
Microsoft Visual Studio Solution File, Format Version 12.00
# Visual Studio Version 17
VisualStudioVersion = 17.9.34622.214
MinimumVisualStudioVersion = 10.0.40219.1
Project("{FAE04EC0-301F-11D3-BF4B-00C04F79EFBC}") = "Carro01", "Carro01\Carro01.csproj", "{EDEB4633-5F58-4F7B-9DAA-4B6557846E4E}"
EndProject
Project("{FAE04EC0-301F-11D3-BF4B-00C04F79EFBC}") = "Carro2", "Carro2\Carro2.csproj", "{696A7E79-B43A-414F-BABD-9AB43339B757}"
EndProject
Project("{FAE04EC0-301F-11D3-BF4B-00C04F79EFBC}") = "Porta", "Porta\Porta.csproj", "{967C7BDC-B308-49CD-803D-4DB703CA6EB9}"
EndProject
Project("{FAE04EC0-301F-11D3-BF4B-00C04F79EFBC}") = "Pais", "Pais\Pais.csproj", "{3F2726E8-2276-4376-880A-8ACEB0AF1A8B}"
EndProject
Project("{FAE04EC0-301F-11D3-BF4B-00C04F79EFBC}") = "Jogo", "Jogo\Jogo.csproj", "{96E4D1B0-03F4-4748-AD11-19336650D9FB}"
EndProject
Global
	GlobalSection(SolutionConfigurationPlatforms) = preSolution
		Debug|Any CPU = Debug|Any CPU
		Release|Any CPU = Release|Any CPU
	EndGlobalSection
	GlobalSection(ProjectConfigurationPlatforms) = postSolution
		{EDEB4633-5F58-4F7B-9DAA-4B6557846E4E}.Debug|Any CPU.ActiveCfg = Debug|Any CPU
		{EDEB4633-5F58-4F7B-9DAA-4B6557846E4E}.Debug|Any CPU.Build.0 = Debug|Any CPU
		{EDEB4633-5F58-4F7B-9DAA-4B6557846E4E}.Release|Any CPU.ActiveCfg = Release|Any CPU
		{EDEB4633-5F58-4F7B-9DAA-4B6557846E4E}.Release|Any CPU.Build.0 = Release|Any CPU
		{696A7E79-B43A-414F-BABD-9AB43339B757}.Debug|Any CPU.ActiveCfg = Debug|Any CPU
		{696A7E79-B43A-414F-BABD-9AB43339B757}.Debug|Any CPU.Build.0 = Debug|Any CPU
		{696A7E79-B43A-414F-BABD-9AB43339B757}.Release|Any CPU.ActiveCfg = Release|Any CPU
		{696A7E79-B43A-414F-BABD-9AB43339B757}.Release|Any CPU.Build.0 = Release|Any CPU
		{967C7BDC-B308-49CD-803D-4DB703CA6EB9}.Debug|Any CPU.ActiveCfg = Debug|Any CPU
		{967C7BDC-B308-49CD-803D-4DB703CA6EB9}.Debug|Any CPU.Build.0 = Debug|Any CPU
		{967C7BDC-B308-49CD-803D-4DB703CA6EB9}.Release|Any CPU.ActiveCfg = Release|Any CPU
		{967C7BDC-B308-49CD-803D-4DB703CA6EB9}.Release|Any CPU.Build.0 = Release|Any CPU
		{3F2726E8-2276-4376-880A-8ACEB0AF1A8B}.Debug|Any CPU.ActiveCfg = Debug|Any CPU
		{3F2726E8-2276-4376-880A-8ACEB0AF1A8B}.Debug|Any CPU.Build.0 = Debug|Any CPU
		{3F2726E8-2276-4376-880A-8ACEB0AF1A8B}.Release|Any CPU.ActiveCfg = Release|Any CPU
		{3F2726E8-2276-4376-880A-8ACEB0AF1A8B}.Release|Any CPU.Build.0 = Release|Any CPU
		{96E4D1B0-03F4-4748-AD11-19336650D9FB}.Debug|Any CPU.ActiveCfg = Debug|Any CPU
		{96E4D1B0-03F4-4748-AD11-19336650D9FB}.Debug|Any CPU.Build.0 = Debug|Any CPU
		{96E4D1B0-03F4-4748-AD11-19336650D9FB}.Release|Any CPU.ActiveCfg = Release|Any CPU
		{96E4D1B0-03F4-4748-AD11-19336650D9FB}.Release|Any CPU.Build.0 = Release|Any CPU
	EndGlobalSection
	GlobalSection(SolutionProperties) = preSolution
		HideSolutionNode = FALSE
	EndGlobalSection
	GlobalSection(ExtensibilityGlobals) = postSolution
		SolutionGuid = {75E1D449-092F-45B7-97C4-20664699DDB0}
	EndGlobalSection
EndGlobal
