
Microsoft Visual Studio Solution File, Format Version 12.00
# Visual Studio Version 17
VisualStudioVersion = 17.9.34622.214
MinimumVisualStudioVersion = 10.0.40219.1
Project("{FAE04EC0-301F-11D3-BF4B-00C04F79EFBC}") = "ParesImpares", "ParesImpares\ParesImpares.csproj", "{7D713FBE-F6DF-49E8-82FA-3B8685E023F8}"
EndProject
Project("{FAE04EC0-301F-11D3-BF4B-00C04F79EFBC}") = "Estudantes", "Estudantes\Estudantes.csproj", "{76CAF4DC-1D22-4969-938C-537952EAD95E}"
EndProject
Project("{FAE04EC0-301F-11D3-BF4B-00C04F79EFBC}") = "MaiorValor", "MaiorValor\MaiorValor.csproj", "{E6C7CA9F-F12D-4007-8A20-36496F6518FB}"
EndProject
Project("{FAE04EC0-301F-11D3-BF4B-00C04F79EFBC}") = "Salarios", "Salarios\Salarios.csproj", "{086E2574-83FE-4083-A39E-4F8EB77D29C1}"
EndProject
Project("{FAE04EC0-301F-11D3-BF4B-00C04F79EFBC}") = "Media", "Media\Media.csproj", "{DD32CF06-08A2-4C1E-972B-9DB610AE48AD}"
EndProject
Project("{FAE04EC0-301F-11D3-BF4B-00C04F79EFBC}") = "MediaG1G2", "MediaG1G2\MediaG1G2.csproj", "{92F99130-FE19-4DC6-B8A0-7FBF617E4A4E}"
EndProject
Project("{FAE04EC0-301F-11D3-BF4B-00C04F79EFBC}") = "Calculadora", "Calculadora\Calculadora.csproj", "{DD243E73-0688-4AF7-B65F-D1D41E7C5D40}"
EndProject
Project("{FAE04EC0-301F-11D3-BF4B-00C04F79EFBC}") = "TrocaPosicao", "TrocaPosicao\TrocaPosicao.csproj", "{BE3B97EB-8544-4372-8820-3A859C59F5E1}"
EndProject
Project("{FAE04EC0-301F-11D3-BF4B-00C04F79EFBC}") = "LoteriaEsportiva", "Loteria\LoteriaEsportiva.csproj", "{12BBF07E-7B1E-4963-888E-E5D22C27FDDC}"
EndProject
Project("{FAE04EC0-301F-11D3-BF4B-00C04F79EFBC}") = "NumerosPrimos", "Primos\NumerosPrimos.csproj", "{C39ACE51-0FF9-4993-AE8D-815D8C16B121}"
EndProject
Project("{FAE04EC0-301F-11D3-BF4B-00C04F79EFBC}") = "Locadora", "Locadora\Locadora.csproj", "{015B2FC5-A3E0-4650-B1FD-317901C4168F}"
EndProject
Project("{FAE04EC0-301F-11D3-BF4B-00C04F79EFBC}") = "Lista", "Lista\Lista.csproj", "{F39D97B3-1DAA-4FDA-9E80-69D839FDB741}"
EndProject
Project("{FAE04EC0-301F-11D3-BF4B-00C04F79EFBC}") = "Pilha", "Pilha\Pilha.csproj", "{1CFDD33A-C239-4DD2-9D2F-EFFD1C7B6E92}"
EndProject
Project("{FAE04EC0-301F-11D3-BF4B-00C04F79EFBC}") = "Fila", "Fila\Fila.csproj", "{E9C22B4A-ABEF-40F9-8D3D-5C70B0223E00}"
EndProject
Global
	GlobalSection(SolutionConfigurationPlatforms) = preSolution
		Debug|Any CPU = Debug|Any CPU
		Release|Any CPU = Release|Any CPU
	EndGlobalSection
	GlobalSection(ProjectConfigurationPlatforms) = postSolution
		{7D713FBE-F6DF-49E8-82FA-3B8685E023F8}.Debug|Any CPU.ActiveCfg = Debug|Any CPU
		{7D713FBE-F6DF-49E8-82FA-3B8685E023F8}.Debug|Any CPU.Build.0 = Debug|Any CPU
		{7D713FBE-F6DF-49E8-82FA-3B8685E023F8}.Release|Any CPU.ActiveCfg = Release|Any CPU
		{7D713FBE-F6DF-49E8-82FA-3B8685E023F8}.Release|Any CPU.Build.0 = Release|Any CPU
		{76CAF4DC-1D22-4969-938C-537952EAD95E}.Debug|Any CPU.ActiveCfg = Debug|Any CPU
		{76CAF4DC-1D22-4969-938C-537952EAD95E}.Debug|Any CPU.Build.0 = Debug|Any CPU
		{76CAF4DC-1D22-4969-938C-537952EAD95E}.Release|Any CPU.ActiveCfg = Release|Any CPU
		{76CAF4DC-1D22-4969-938C-537952EAD95E}.Release|Any CPU.Build.0 = Release|Any CPU
		{E6C7CA9F-F12D-4007-8A20-36496F6518FB}.Debug|Any CPU.ActiveCfg = Debug|Any CPU
		{E6C7CA9F-F12D-4007-8A20-36496F6518FB}.Debug|Any CPU.Build.0 = Debug|Any CPU
		{E6C7CA9F-F12D-4007-8A20-36496F6518FB}.Release|Any CPU.ActiveCfg = Release|Any CPU
		{E6C7CA9F-F12D-4007-8A20-36496F6518FB}.Release|Any CPU.Build.0 = Release|Any CPU
		{086E2574-83FE-4083-A39E-4F8EB77D29C1}.Debug|Any CPU.ActiveCfg = Debug|Any CPU
		{086E2574-83FE-4083-A39E-4F8EB77D29C1}.Debug|Any CPU.Build.0 = Debug|Any CPU
		{086E2574-83FE-4083-A39E-4F8EB77D29C1}.Release|Any CPU.ActiveCfg = Release|Any CPU
		{086E2574-83FE-4083-A39E-4F8EB77D29C1}.Release|Any CPU.Build.0 = Release|Any CPU
		{DD32CF06-08A2-4C1E-972B-9DB610AE48AD}.Debug|Any CPU.ActiveCfg = Debug|Any CPU
		{DD32CF06-08A2-4C1E-972B-9DB610AE48AD}.Debug|Any CPU.Build.0 = Debug|Any CPU
		{DD32CF06-08A2-4C1E-972B-9DB610AE48AD}.Release|Any CPU.ActiveCfg = Release|Any CPU
		{DD32CF06-08A2-4C1E-972B-9DB610AE48AD}.Release|Any CPU.Build.0 = Release|Any CPU
		{92F99130-FE19-4DC6-B8A0-7FBF617E4A4E}.Debug|Any CPU.ActiveCfg = Debug|Any CPU
		{92F99130-FE19-4DC6-B8A0-7FBF617E4A4E}.Debug|Any CPU.Build.0 = Debug|Any CPU
		{92F99130-FE19-4DC6-B8A0-7FBF617E4A4E}.Release|Any CPU.ActiveCfg = Release|Any CPU
		{92F99130-FE19-4DC6-B8A0-7FBF617E4A4E}.Release|Any CPU.Build.0 = Release|Any CPU
		{DD243E73-0688-4AF7-B65F-D1D41E7C5D40}.Debug|Any CPU.ActiveCfg = Debug|Any CPU
		{DD243E73-0688-4AF7-B65F-D1D41E7C5D40}.Debug|Any CPU.Build.0 = Debug|Any CPU
		{DD243E73-0688-4AF7-B65F-D1D41E7C5D40}.Release|Any CPU.ActiveCfg = Release|Any CPU
		{DD243E73-0688-4AF7-B65F-D1D41E7C5D40}.Release|Any CPU.Build.0 = Release|Any CPU
		{BE3B97EB-8544-4372-8820-3A859C59F5E1}.Debug|Any CPU.ActiveCfg = Debug|Any CPU
		{BE3B97EB-8544-4372-8820-3A859C59F5E1}.Debug|Any CPU.Build.0 = Debug|Any CPU
		{BE3B97EB-8544-4372-8820-3A859C59F5E1}.Release|Any CPU.ActiveCfg = Release|Any CPU
		{BE3B97EB-8544-4372-8820-3A859C59F5E1}.Release|Any CPU.Build.0 = Release|Any CPU
		{12BBF07E-7B1E-4963-888E-E5D22C27FDDC}.Debug|Any CPU.ActiveCfg = Debug|Any CPU
		{12BBF07E-7B1E-4963-888E-E5D22C27FDDC}.Debug|Any CPU.Build.0 = Debug|Any CPU
		{12BBF07E-7B1E-4963-888E-E5D22C27FDDC}.Release|Any CPU.ActiveCfg = Release|Any CPU
		{12BBF07E-7B1E-4963-888E-E5D22C27FDDC}.Release|Any CPU.Build.0 = Release|Any CPU
		{C39ACE51-0FF9-4993-AE8D-815D8C16B121}.Debug|Any CPU.ActiveCfg = Debug|Any CPU
		{C39ACE51-0FF9-4993-AE8D-815D8C16B121}.Debug|Any CPU.Build.0 = Debug|Any CPU
		{C39ACE51-0FF9-4993-AE8D-815D8C16B121}.Release|Any CPU.ActiveCfg = Release|Any CPU
		{C39ACE51-0FF9-4993-AE8D-815D8C16B121}.Release|Any CPU.Build.0 = Release|Any CPU
		{015B2FC5-A3E0-4650-B1FD-317901C4168F}.Debug|Any CPU.ActiveCfg = Debug|Any CPU
		{015B2FC5-A3E0-4650-B1FD-317901C4168F}.Debug|Any CPU.Build.0 = Debug|Any CPU
		{015B2FC5-A3E0-4650-B1FD-317901C4168F}.Release|Any CPU.ActiveCfg = Release|Any CPU
		{015B2FC5-A3E0-4650-B1FD-317901C4168F}.Release|Any CPU.Build.0 = Release|Any CPU
		{F39D97B3-1DAA-4FDA-9E80-69D839FDB741}.Debug|Any CPU.ActiveCfg = Debug|Any CPU
		{F39D97B3-1DAA-4FDA-9E80-69D839FDB741}.Debug|Any CPU.Build.0 = Debug|Any CPU
		{F39D97B3-1DAA-4FDA-9E80-69D839FDB741}.Release|Any CPU.ActiveCfg = Release|Any CPU
		{F39D97B3-1DAA-4FDA-9E80-69D839FDB741}.Release|Any CPU.Build.0 = Release|Any CPU
		{1CFDD33A-C239-4DD2-9D2F-EFFD1C7B6E92}.Debug|Any CPU.ActiveCfg = Debug|Any CPU
		{1CFDD33A-C239-4DD2-9D2F-EFFD1C7B6E92}.Debug|Any CPU.Build.0 = Debug|Any CPU
		{1CFDD33A-C239-4DD2-9D2F-EFFD1C7B6E92}.Release|Any CPU.ActiveCfg = Release|Any CPU
		{1CFDD33A-C239-4DD2-9D2F-EFFD1C7B6E92}.Release|Any CPU.Build.0 = Release|Any CPU
		{E9C22B4A-ABEF-40F9-8D3D-5C70B0223E00}.Debug|Any CPU.ActiveCfg = Debug|Any CPU
		{E9C22B4A-ABEF-40F9-8D3D-5C70B0223E00}.Debug|Any CPU.Build.0 = Debug|Any CPU
		{E9C22B4A-ABEF-40F9-8D3D-5C70B0223E00}.Release|Any CPU.ActiveCfg = Release|Any CPU
		{E9C22B4A-ABEF-40F9-8D3D-5C70B0223E00}.Release|Any CPU.Build.0 = Release|Any CPU
	EndGlobalSection
	GlobalSection(SolutionProperties) = preSolution
		HideSolutionNode = FALSE
	EndGlobalSection
	GlobalSection(ExtensibilityGlobals) = postSolution
		SolutionGuid = {4FCF4E21-E195-4471-84F0-D0341B31A160}
	EndGlobalSection
EndGlobal
