
Microsoft Visual Studio Solution File, Format Version 12.00
# Visual Studio Version 17
VisualStudioVersion = 17.9.34622.214
MinimumVisualStudioVersion = 10.0.40219.1
Project("{FAE04EC0-301F-11D3-BF4B-00C04F79EFBC}") = "1EstoqueMedio", "EstoqueMedio\1EstoqueMedio.csproj", "{6944FA7C-91E6-43F8-BF45-84052C478876}"
EndProject
Project("{FAE04EC0-301F-11D3-BF4B-00C04F79EFBC}") = "2CotacaoDolar", "CotacaoDolar\2CotacaoDolar.csproj", "{73C19083-1EC4-4B3A-AAAC-300DC9D7B55A}"
EndProject
Project("{FAE04EC0-301F-11D3-BF4B-00C04F79EFBC}") = "3ComissaoDeVendedores", "ComissaoDeVendedores\3ComissaoDeVendedores.csproj", "{0B0F4F89-0750-403F-B73A-44F50642E881}"
EndProject
Project("{FAE04EC0-301F-11D3-BF4B-00C04F79EFBC}") = "4PropriedadeDistributiva", "PropriedadeDistributiva\4PropriedadeDistributiva.csproj", "{02BF3C58-FACA-4533-8445-BB0CAADA5A24}"
EndProject
Project("{FAE04EC0-301F-11D3-BF4B-00C04F79EFBC}") = "5Quilometragem", "Quilometragem\5Quilometragem.csproj", "{44EB7CAD-B2D5-4B43-A28E-0F368ACFC7BC}"
EndProject
Project("{FAE04EC0-301F-11D3-BF4B-00C04F79EFBC}") = "6CelsiusParaFahrenheit", "CelsiusParaFahrenheit\6CelsiusParaFahrenheit.csproj", "{4E68E494-9962-4C6B-A213-693003FA8677}"
EndProject
Project("{FAE04EC0-301F-11D3-BF4B-00C04F79EFBC}") = "7FahrenheitParaCelsius", "FahrenheitParaCelsius\7FahrenheitParaCelsius.csproj", "{D53A2925-27D1-4E9F-AA57-3AE28FFBC152}"
EndProject
Project("{FAE04EC0-301F-11D3-BF4B-00C04F79EFBC}") = "8Volume", "Volume\8Volume.csproj", "{34C020BA-5ED4-43C4-B091-6A37CEA9CBD8}"
EndProject
Project("{FAE04EC0-301F-11D3-BF4B-00C04F79EFBC}") = "9IdadeEmDias", "IdadeEmDias\9IdadeEmDias.csproj", "{75D8853A-6A61-49FB-96B3-584C5AF33C17}"
EndProject
Project("{FAE04EC0-301F-11D3-BF4B-00C04F79EFBC}") = "10RelacionamentoEntreNumeros", "RelacionamentoEntreNumeros\10RelacionamentoEntreNumeros.csproj", "{04E32ACD-D5AB-4F5C-B9D4-2900C7F4A6FB}"
EndProject
Project("{FAE04EC0-301F-11D3-BF4B-00C04F79EFBC}") = "11TrocaNumeros", "TrocaNumeros\11TrocaNumeros.csproj", "{3460758C-26FB-4747-AD32-21DA89E7C281}"
EndProject
Project("{FAE04EC0-301F-11D3-BF4B-00C04F79EFBC}") = "12Modulo", "Modulo\12Modulo.csproj", "{04471B9C-2513-4D76-A8BC-B4E52DEDA8FA}"
EndProject
Project("{FAE04EC0-301F-11D3-BF4B-00C04F79EFBC}") = "13OrdemDecrescente", "13OrdemCrescente\13OrdemDecrescente.csproj", "{8320A0AF-5277-40F3-9706-8187CA1350EB}"
EndProject
Project("{FAE04EC0-301F-11D3-BF4B-00C04F79EFBC}") = "14DiferencaMaiorMenor", "14DiferencaMaiorMenor\14DiferencaMaiorMenor.csproj", "{156534D6-5547-4184-977B-7EB77D56641B}"
EndProject
Project("{FAE04EC0-301F-11D3-BF4B-00C04F79EFBC}") = "15Escola", "15Escola\15Escola.csproj", "{579A22CE-FD99-4864-A171-3ABFB15A78A5}"
EndProject
Project("{FAE04EC0-301F-11D3-BF4B-00C04F79EFBC}") = "16MaiorMenor", "16MaiorMenor\16MaiorMenor.csproj", "{85C4BC29-6658-448A-BEB8-CBE0B7282CD7}"
EndProject
Project("{FAE04EC0-301F-11D3-BF4B-00C04F79EFBC}") = "17FaixaDeValor", "17FaixaDeValor\17FaixaDeValor.csproj", "{F92C8051-A3AE-4115-BA96-0BAC516004FF}"
EndProject
Project("{FAE04EC0-301F-11D3-BF4B-00C04F79EFBC}") = "18Switch", "18Switch\18Switch.csproj", "{5AFEA0A8-3B91-4013-80C8-428B57A7E507}"
EndProject
Project("{FAE04EC0-301F-11D3-BF4B-00C04F79EFBC}") = "19Triangulos", "19Triangulos\19Triangulos.csproj", "{7C561308-B5B4-4CB1-A144-B4DD659CD86A}"
EndProject
Project("{FAE04EC0-301F-11D3-BF4B-00C04F79EFBC}") = "20OperacoesMaiorMenor", "20OperacoesMaiorMenor\20OperacoesMaiorMenor.csproj", "{088C2B5E-0557-447C-B90B-018A0F882EB3}"
EndProject
Project("{FAE04EC0-301F-11D3-BF4B-00C04F79EFBC}") = "21PositivoNegativo", "21PositivoNegativo\21PositivoNegativo.csproj", "{F71DFC2B-FF3D-42C9-9731-BD0257A6CE62}"
EndProject
Project("{FAE04EC0-301F-11D3-BF4B-00C04F79EFBC}") = "22ArmazenaPositivoNegativo", "22ArmazenaPositivoNegativo\22ArmazenaPositivoNegativo.csproj", "{6A74EA4F-957F-4A5E-B40E-74506530F40B}"
EndProject
Project("{FAE04EC0-301F-11D3-BF4B-00C04F79EFBC}") = "23Calculadora", "23Calculadora\23Calculadora.csproj", "{AA861EF0-75AF-42C5-B632-A3DD15818A38}"
EndProject
Project("{FAE04EC0-301F-11D3-BF4B-00C04F79EFBC}") = "24Calculos", "24Calculos\24Calculos.csproj", "{2446D1C3-AD8B-4043-AB41-8525A15814E2}"
EndProject
Project("{FAE04EC0-301F-11D3-BF4B-00C04F79EFBC}") = "25PesoIdeal", "25PesoIdeal\25PesoIdeal.csproj", "{48F626B5-8EAC-48C6-B1B2-10D925A24668}"
EndProject
Project("{FAE04EC0-301F-11D3-BF4B-00C04F79EFBC}") = "26LacoDe100a1", "26LacoDe100a1\26LacoDe100a1.csproj", "{9781121E-890E-4D4F-8F7A-24FF4524ED0B}"
EndProject
Project("{FAE04EC0-301F-11D3-BF4B-00C04F79EFBC}") = "27Fatorial", "27Fatorial\27Fatorial.csproj", "{D6EEF8C0-D0E3-4D67-90E5-43C31A62F997}"
EndProject
Project("{FAE04EC0-301F-11D3-BF4B-00C04F79EFBC}") = "28ImparesEntre100e200", "28ImparesEntre100e200\28ImparesEntre100e200.csproj", "{8287382D-A7EA-4C9E-9C4D-832503F1045C}"
EndProject
Project("{FAE04EC0-301F-11D3-BF4B-00C04F79EFBC}") = "29ImprimirDe1a2000", "29ImprimirDe1a2000\29ImprimirDe1a2000.csproj", "{CFF6237D-178B-4260-A689-81ADF01E3AE7}"
EndProject
Project("{FAE04EC0-301F-11D3-BF4B-00C04F79EFBC}") = "30Tabuada", "30Tabuada\30Tabuada.csproj", "{5159B41D-6C8C-4A4C-9D9F-F7CC4026A057}"
EndProject
Project("{FAE04EC0-301F-11D3-BF4B-00C04F79EFBC}") = "31ConjutoNumerosPositivos", "31ConjutoNumerosPositivos\31ConjutoNumerosPositivos.csproj", "{DB56E2C6-6C5B-41BD-9D77-BF4CC4929996}"
EndProject
Project("{FAE04EC0-301F-11D3-BF4B-00C04F79EFBC}") = "32SomaDosQuadrados", "32SomaDosQuadrados\32SomaDosQuadrados.csproj", "{5812EE09-4444-478D-95C1-9E7DF222481C}"
EndProject
Project("{FAE04EC0-301F-11D3-BF4B-00C04F79EFBC}") = "33MediaAlunosTurma", "33MediaAlunosTurma\33MediaAlunosTurma.csproj", "{FE7306AF-09E9-463E-97B2-A1C16039EC01}"
EndProject
Project("{FAE04EC0-301F-11D3-BF4B-00C04F79EFBC}") = "34MenorMaior", "34MenorMaior\34MenorMaior.csproj", "{FCB4503F-81E2-4CE2-9ED6-8BD8786F9EB7}"
EndProject
Project("{FAE04EC0-301F-11D3-BF4B-00C04F79EFBC}") = "35MultiploDe10", "35MultiploDe10\35MultiploDe10.csproj", "{5B9DC3A4-EEF8-4713-A61F-2B4B83F13CCC}"
EndProject
Project("{FAE04EC0-301F-11D3-BF4B-00C04F79EFBC}") = "36MaiorMenorMedia", "36MaiorMenorMedia\36MaiorMenorMedia.csproj", "{54B897E4-CB56-4879-B369-AD740DE11B0B}"
EndProject
Project("{FAE04EC0-301F-11D3-BF4B-00C04F79EFBC}") = "37CalculadoraVersao2", "37CalculadoraVersao2\37CalculadoraVersao2.csproj", "{8FDB46C2-43E2-4450-8F7A-05480B4AD5BA}"
EndProject
Project("{FAE04EC0-301F-11D3-BF4B-00C04F79EFBC}") = "38CalcularSalarioOperario", "38CalcularSalarioOperario\38CalcularSalarioOperario.csproj", "{15995C4E-AEFB-492F-86FA-1826471BD697}"
EndProject
Project("{FAE04EC0-301F-11D3-BF4B-00C04F79EFBC}") = "39ParImparNegativoPositivo", "39ParImparNegativoPositivo\39ParImparNegativoPositivo.csproj", "{A7284543-5F4D-45A1-9071-2E566683578C}"
EndProject
Project("{FAE04EC0-301F-11D3-BF4B-00C04F79EFBC}") = "40SecretariaMeioAmbiente", "40SecretariaMeioAmbiente\40SecretariaMeioAmbiente.csproj", "{02F61F31-D714-41B0-9888-1FC90F7FC489}"
EndProject
Project("{FAE04EC0-301F-11D3-BF4B-00C04F79EFBC}") = "41CategoriasNadador", "41CategoriasNadador\41CategoriasNadador.csproj", "{D02569C3-D773-458E-8CAC-0439869DB4FA}"
EndProject
Project("{FAE04EC0-301F-11D3-BF4B-00C04F79EFBC}") = "42MaiorMenor", "42MaiorMenor\42MaiorMenor.csproj", "{B80DEC22-E559-4BA1-A414-805D233AD459}"
EndProject
Project("{FAE04EC0-301F-11D3-BF4B-00C04F79EFBC}") = "43RainhaMonge", "43RainhaMonge\43RainhaMonge.csproj", "{FF6132D3-0A63-4A47-A3B0-EF3F8F9CC9F3}"
EndProject
Project("{FAE04EC0-301F-11D3-BF4B-00C04F79EFBC}") = "44EscolhaEntreAsOpcoes", "44EscolhaEntreAsOpcoes\44EscolhaEntreAsOpcoes.csproj", "{9D757AB3-C705-42D7-8B2B-65E1A8946251}"
EndProject
Project("{FAE04EC0-301F-11D3-BF4B-00C04F79EFBC}") = "45VetorOrdemInversa", "45VetorOrdemInversa\45VetorOrdemInversa.csproj", "{DD7C4D92-028F-423E-BF38-F4EAD692394E}"
EndProject
Project("{FAE04EC0-301F-11D3-BF4B-00C04F79EFBC}") = "46VetorProdutoEscalar", "46VetorProdutoEscalar\46VetorProdutoEscalar.csproj", "{ABACE705-AA09-4BAF-B4A1-EC90DB44A4C6}"
EndProject
Project("{FAE04EC0-301F-11D3-BF4B-00C04F79EFBC}") = "47VetorMaiorMenorOuIgualX", "47VetorMaiorMenorOuIgualX\47VetorMaiorMenorOuIgualX.csproj", "{D626E9E2-AFA3-40D7-81D7-F2CF9EF546E2}"
EndProject
Project("{FAE04EC0-301F-11D3-BF4B-00C04F79EFBC}") = "48AgenciaDePublicidade", "48AgenciaDePublicidade\48AgenciaDePublicidade.csproj", "{827F9220-56EE-48D4-B3BC-E5BEFE2A23E1}"
EndProject
Project("{FAE04EC0-301F-11D3-BF4B-00C04F79EFBC}") = "49ComparandoVetores", "49ComparandoVetores\49ComparandoVetores.csproj", "{E04A7B80-4D30-482D-9E4F-870142AC6262}"
EndProject
Project("{FAE04EC0-301F-11D3-BF4B-00C04F79EFBC}") = "50AcertandoONumeroSorteado", "50AcertandoONumeroSorteado\50AcertandoONumeroSorteado.csproj", "{EF728861-F5A2-4AE0-BA83-D21AE0D11248}"
EndProject
Project("{FAE04EC0-301F-11D3-BF4B-00C04F79EFBC}") = "51MediaAritmetica", "51MediaAritmetica\51MediaAritmetica.csproj", "{474153A9-6383-43D2-B9E7-0269D85B0EB0}"
EndProject
Global
	GlobalSection(SolutionConfigurationPlatforms) = preSolution
		Debug|Any CPU = Debug|Any CPU
		Release|Any CPU = Release|Any CPU
	EndGlobalSection
	GlobalSection(ProjectConfigurationPlatforms) = postSolution
		{6944FA7C-91E6-43F8-BF45-84052C478876}.Debug|Any CPU.ActiveCfg = Debug|Any CPU
		{6944FA7C-91E6-43F8-BF45-84052C478876}.Debug|Any CPU.Build.0 = Debug|Any CPU
		{6944FA7C-91E6-43F8-BF45-84052C478876}.Release|Any CPU.ActiveCfg = Release|Any CPU
		{6944FA7C-91E6-43F8-BF45-84052C478876}.Release|Any CPU.Build.0 = Release|Any CPU
		{73C19083-1EC4-4B3A-AAAC-300DC9D7B55A}.Debug|Any CPU.ActiveCfg = Debug|Any CPU
		{73C19083-1EC4-4B3A-AAAC-300DC9D7B55A}.Debug|Any CPU.Build.0 = Debug|Any CPU
		{73C19083-1EC4-4B3A-AAAC-300DC9D7B55A}.Release|Any CPU.ActiveCfg = Release|Any CPU
		{73C19083-1EC4-4B3A-AAAC-300DC9D7B55A}.Release|Any CPU.Build.0 = Release|Any CPU
		{0B0F4F89-0750-403F-B73A-44F50642E881}.Debug|Any CPU.ActiveCfg = Debug|Any CPU
		{0B0F4F89-0750-403F-B73A-44F50642E881}.Debug|Any CPU.Build.0 = Debug|Any CPU
		{0B0F4F89-0750-403F-B73A-44F50642E881}.Release|Any CPU.ActiveCfg = Release|Any CPU
		{0B0F4F89-0750-403F-B73A-44F50642E881}.Release|Any CPU.Build.0 = Release|Any CPU
		{02BF3C58-FACA-4533-8445-BB0CAADA5A24}.Debug|Any CPU.ActiveCfg = Debug|Any CPU
		{02BF3C58-FACA-4533-8445-BB0CAADA5A24}.Debug|Any CPU.Build.0 = Debug|Any CPU
		{02BF3C58-FACA-4533-8445-BB0CAADA5A24}.Release|Any CPU.ActiveCfg = Release|Any CPU
		{02BF3C58-FACA-4533-8445-BB0CAADA5A24}.Release|Any CPU.Build.0 = Release|Any CPU
		{44EB7CAD-B2D5-4B43-A28E-0F368ACFC7BC}.Debug|Any CPU.ActiveCfg = Debug|Any CPU
		{44EB7CAD-B2D5-4B43-A28E-0F368ACFC7BC}.Debug|Any CPU.Build.0 = Debug|Any CPU
		{44EB7CAD-B2D5-4B43-A28E-0F368ACFC7BC}.Release|Any CPU.ActiveCfg = Release|Any CPU
		{44EB7CAD-B2D5-4B43-A28E-0F368ACFC7BC}.Release|Any CPU.Build.0 = Release|Any CPU
		{4E68E494-9962-4C6B-A213-693003FA8677}.Debug|Any CPU.ActiveCfg = Debug|Any CPU
		{4E68E494-9962-4C6B-A213-693003FA8677}.Debug|Any CPU.Build.0 = Debug|Any CPU
		{4E68E494-9962-4C6B-A213-693003FA8677}.Release|Any CPU.ActiveCfg = Release|Any CPU
		{4E68E494-9962-4C6B-A213-693003FA8677}.Release|Any CPU.Build.0 = Release|Any CPU
		{D53A2925-27D1-4E9F-AA57-3AE28FFBC152}.Debug|Any CPU.ActiveCfg = Debug|Any CPU
		{D53A2925-27D1-4E9F-AA57-3AE28FFBC152}.Debug|Any CPU.Build.0 = Debug|Any CPU
		{D53A2925-27D1-4E9F-AA57-3AE28FFBC152}.Release|Any CPU.ActiveCfg = Release|Any CPU
		{D53A2925-27D1-4E9F-AA57-3AE28FFBC152}.Release|Any CPU.Build.0 = Release|Any CPU
		{34C020BA-5ED4-43C4-B091-6A37CEA9CBD8}.Debug|Any CPU.ActiveCfg = Debug|Any CPU
		{34C020BA-5ED4-43C4-B091-6A37CEA9CBD8}.Debug|Any CPU.Build.0 = Debug|Any CPU
		{34C020BA-5ED4-43C4-B091-6A37CEA9CBD8}.Release|Any CPU.ActiveCfg = Release|Any CPU
		{34C020BA-5ED4-43C4-B091-6A37CEA9CBD8}.Release|Any CPU.Build.0 = Release|Any CPU
		{75D8853A-6A61-49FB-96B3-584C5AF33C17}.Debug|Any CPU.ActiveCfg = Debug|Any CPU
		{75D8853A-6A61-49FB-96B3-584C5AF33C17}.Debug|Any CPU.Build.0 = Debug|Any CPU
		{75D8853A-6A61-49FB-96B3-584C5AF33C17}.Release|Any CPU.ActiveCfg = Release|Any CPU
		{75D8853A-6A61-49FB-96B3-584C5AF33C17}.Release|Any CPU.Build.0 = Release|Any CPU
		{04E32ACD-D5AB-4F5C-B9D4-2900C7F4A6FB}.Debug|Any CPU.ActiveCfg = Debug|Any CPU
		{04E32ACD-D5AB-4F5C-B9D4-2900C7F4A6FB}.Debug|Any CPU.Build.0 = Debug|Any CPU
		{04E32ACD-D5AB-4F5C-B9D4-2900C7F4A6FB}.Release|Any CPU.ActiveCfg = Release|Any CPU
		{04E32ACD-D5AB-4F5C-B9D4-2900C7F4A6FB}.Release|Any CPU.Build.0 = Release|Any CPU
		{3460758C-26FB-4747-AD32-21DA89E7C281}.Debug|Any CPU.ActiveCfg = Debug|Any CPU
		{3460758C-26FB-4747-AD32-21DA89E7C281}.Debug|Any CPU.Build.0 = Debug|Any CPU
		{3460758C-26FB-4747-AD32-21DA89E7C281}.Release|Any CPU.ActiveCfg = Release|Any CPU
		{3460758C-26FB-4747-AD32-21DA89E7C281}.Release|Any CPU.Build.0 = Release|Any CPU
		{04471B9C-2513-4D76-A8BC-B4E52DEDA8FA}.Debug|Any CPU.ActiveCfg = Debug|Any CPU
		{04471B9C-2513-4D76-A8BC-B4E52DEDA8FA}.Debug|Any CPU.Build.0 = Debug|Any CPU
		{04471B9C-2513-4D76-A8BC-B4E52DEDA8FA}.Release|Any CPU.ActiveCfg = Release|Any CPU
		{04471B9C-2513-4D76-A8BC-B4E52DEDA8FA}.Release|Any CPU.Build.0 = Release|Any CPU
		{8320A0AF-5277-40F3-9706-8187CA1350EB}.Debug|Any CPU.ActiveCfg = Debug|Any CPU
		{8320A0AF-5277-40F3-9706-8187CA1350EB}.Debug|Any CPU.Build.0 = Debug|Any CPU
		{8320A0AF-5277-40F3-9706-8187CA1350EB}.Release|Any CPU.ActiveCfg = Release|Any CPU
		{8320A0AF-5277-40F3-9706-8187CA1350EB}.Release|Any CPU.Build.0 = Release|Any CPU
		{156534D6-5547-4184-977B-7EB77D56641B}.Debug|Any CPU.ActiveCfg = Debug|Any CPU
		{156534D6-5547-4184-977B-7EB77D56641B}.Debug|Any CPU.Build.0 = Debug|Any CPU
		{156534D6-5547-4184-977B-7EB77D56641B}.Release|Any CPU.ActiveCfg = Release|Any CPU
		{156534D6-5547-4184-977B-7EB77D56641B}.Release|Any CPU.Build.0 = Release|Any CPU
		{579A22CE-FD99-4864-A171-3ABFB15A78A5}.Debug|Any CPU.ActiveCfg = Debug|Any CPU
		{579A22CE-FD99-4864-A171-3ABFB15A78A5}.Debug|Any CPU.Build.0 = Debug|Any CPU
		{579A22CE-FD99-4864-A171-3ABFB15A78A5}.Release|Any CPU.ActiveCfg = Release|Any CPU
		{579A22CE-FD99-4864-A171-3ABFB15A78A5}.Release|Any CPU.Build.0 = Release|Any CPU
		{85C4BC29-6658-448A-BEB8-CBE0B7282CD7}.Debug|Any CPU.ActiveCfg = Debug|Any CPU
		{85C4BC29-6658-448A-BEB8-CBE0B7282CD7}.Debug|Any CPU.Build.0 = Debug|Any CPU
		{85C4BC29-6658-448A-BEB8-CBE0B7282CD7}.Release|Any CPU.ActiveCfg = Release|Any CPU
		{85C4BC29-6658-448A-BEB8-CBE0B7282CD7}.Release|Any CPU.Build.0 = Release|Any CPU
		{F92C8051-A3AE-4115-BA96-0BAC516004FF}.Debug|Any CPU.ActiveCfg = Debug|Any CPU
		{F92C8051-A3AE-4115-BA96-0BAC516004FF}.Debug|Any CPU.Build.0 = Debug|Any CPU
		{F92C8051-A3AE-4115-BA96-0BAC516004FF}.Release|Any CPU.ActiveCfg = Release|Any CPU
		{F92C8051-A3AE-4115-BA96-0BAC516004FF}.Release|Any CPU.Build.0 = Release|Any CPU
		{5AFEA0A8-3B91-4013-80C8-428B57A7E507}.Debug|Any CPU.ActiveCfg = Debug|Any CPU
		{5AFEA0A8-3B91-4013-80C8-428B57A7E507}.Debug|Any CPU.Build.0 = Debug|Any CPU
		{5AFEA0A8-3B91-4013-80C8-428B57A7E507}.Release|Any CPU.ActiveCfg = Release|Any CPU
		{5AFEA0A8-3B91-4013-80C8-428B57A7E507}.Release|Any CPU.Build.0 = Release|Any CPU
		{7C561308-B5B4-4CB1-A144-B4DD659CD86A}.Debug|Any CPU.ActiveCfg = Debug|Any CPU
		{7C561308-B5B4-4CB1-A144-B4DD659CD86A}.Debug|Any CPU.Build.0 = Debug|Any CPU
		{7C561308-B5B4-4CB1-A144-B4DD659CD86A}.Release|Any CPU.ActiveCfg = Release|Any CPU
		{7C561308-B5B4-4CB1-A144-B4DD659CD86A}.Release|Any CPU.Build.0 = Release|Any CPU
		{088C2B5E-0557-447C-B90B-018A0F882EB3}.Debug|Any CPU.ActiveCfg = Debug|Any CPU
		{088C2B5E-0557-447C-B90B-018A0F882EB3}.Debug|Any CPU.Build.0 = Debug|Any CPU
		{088C2B5E-0557-447C-B90B-018A0F882EB3}.Release|Any CPU.ActiveCfg = Release|Any CPU
		{088C2B5E-0557-447C-B90B-018A0F882EB3}.Release|Any CPU.Build.0 = Release|Any CPU
		{F71DFC2B-FF3D-42C9-9731-BD0257A6CE62}.Debug|Any CPU.ActiveCfg = Debug|Any CPU
		{F71DFC2B-FF3D-42C9-9731-BD0257A6CE62}.Debug|Any CPU.Build.0 = Debug|Any CPU
		{F71DFC2B-FF3D-42C9-9731-BD0257A6CE62}.Release|Any CPU.ActiveCfg = Release|Any CPU
		{F71DFC2B-FF3D-42C9-9731-BD0257A6CE62}.Release|Any CPU.Build.0 = Release|Any CPU
		{6A74EA4F-957F-4A5E-B40E-74506530F40B}.Debug|Any CPU.ActiveCfg = Debug|Any CPU
		{6A74EA4F-957F-4A5E-B40E-74506530F40B}.Debug|Any CPU.Build.0 = Debug|Any CPU
		{6A74EA4F-957F-4A5E-B40E-74506530F40B}.Release|Any CPU.ActiveCfg = Release|Any CPU
		{6A74EA4F-957F-4A5E-B40E-74506530F40B}.Release|Any CPU.Build.0 = Release|Any CPU
		{AA861EF0-75AF-42C5-B632-A3DD15818A38}.Debug|Any CPU.ActiveCfg = Debug|Any CPU
		{AA861EF0-75AF-42C5-B632-A3DD15818A38}.Debug|Any CPU.Build.0 = Debug|Any CPU
		{AA861EF0-75AF-42C5-B632-A3DD15818A38}.Release|Any CPU.ActiveCfg = Release|Any CPU
		{AA861EF0-75AF-42C5-B632-A3DD15818A38}.Release|Any CPU.Build.0 = Release|Any CPU
		{2446D1C3-AD8B-4043-AB41-8525A15814E2}.Debug|Any CPU.ActiveCfg = Debug|Any CPU
		{2446D1C3-AD8B-4043-AB41-8525A15814E2}.Debug|Any CPU.Build.0 = Debug|Any CPU
		{2446D1C3-AD8B-4043-AB41-8525A15814E2}.Release|Any CPU.ActiveCfg = Release|Any CPU
		{2446D1C3-AD8B-4043-AB41-8525A15814E2}.Release|Any CPU.Build.0 = Release|Any CPU
		{48F626B5-8EAC-48C6-B1B2-10D925A24668}.Debug|Any CPU.ActiveCfg = Debug|Any CPU
		{48F626B5-8EAC-48C6-B1B2-10D925A24668}.Debug|Any CPU.Build.0 = Debug|Any CPU
		{48F626B5-8EAC-48C6-B1B2-10D925A24668}.Release|Any CPU.ActiveCfg = Release|Any CPU
		{48F626B5-8EAC-48C6-B1B2-10D925A24668}.Release|Any CPU.Build.0 = Release|Any CPU
		{9781121E-890E-4D4F-8F7A-24FF4524ED0B}.Debug|Any CPU.ActiveCfg = Debug|Any CPU
		{9781121E-890E-4D4F-8F7A-24FF4524ED0B}.Debug|Any CPU.Build.0 = Debug|Any CPU
		{9781121E-890E-4D4F-8F7A-24FF4524ED0B}.Release|Any CPU.ActiveCfg = Release|Any CPU
		{9781121E-890E-4D4F-8F7A-24FF4524ED0B}.Release|Any CPU.Build.0 = Release|Any CPU
		{D6EEF8C0-D0E3-4D67-90E5-43C31A62F997}.Debug|Any CPU.ActiveCfg = Debug|Any CPU
		{D6EEF8C0-D0E3-4D67-90E5-43C31A62F997}.Debug|Any CPU.Build.0 = Debug|Any CPU
		{D6EEF8C0-D0E3-4D67-90E5-43C31A62F997}.Release|Any CPU.ActiveCfg = Release|Any CPU
		{D6EEF8C0-D0E3-4D67-90E5-43C31A62F997}.Release|Any CPU.Build.0 = Release|Any CPU
		{8287382D-A7EA-4C9E-9C4D-832503F1045C}.Debug|Any CPU.ActiveCfg = Debug|Any CPU
		{8287382D-A7EA-4C9E-9C4D-832503F1045C}.Debug|Any CPU.Build.0 = Debug|Any CPU
		{8287382D-A7EA-4C9E-9C4D-832503F1045C}.Release|Any CPU.ActiveCfg = Release|Any CPU
		{8287382D-A7EA-4C9E-9C4D-832503F1045C}.Release|Any CPU.Build.0 = Release|Any CPU
		{CFF6237D-178B-4260-A689-81ADF01E3AE7}.Debug|Any CPU.ActiveCfg = Debug|Any CPU
		{CFF6237D-178B-4260-A689-81ADF01E3AE7}.Debug|Any CPU.Build.0 = Debug|Any CPU
		{CFF6237D-178B-4260-A689-81ADF01E3AE7}.Release|Any CPU.ActiveCfg = Release|Any CPU
		{CFF6237D-178B-4260-A689-81ADF01E3AE7}.Release|Any CPU.Build.0 = Release|Any CPU
		{5159B41D-6C8C-4A4C-9D9F-F7CC4026A057}.Debug|Any CPU.ActiveCfg = Debug|Any CPU
		{5159B41D-6C8C-4A4C-9D9F-F7CC4026A057}.Debug|Any CPU.Build.0 = Debug|Any CPU
		{5159B41D-6C8C-4A4C-9D9F-F7CC4026A057}.Release|Any CPU.ActiveCfg = Release|Any CPU
		{5159B41D-6C8C-4A4C-9D9F-F7CC4026A057}.Release|Any CPU.Build.0 = Release|Any CPU
		{DB56E2C6-6C5B-41BD-9D77-BF4CC4929996}.Debug|Any CPU.ActiveCfg = Debug|Any CPU
		{DB56E2C6-6C5B-41BD-9D77-BF4CC4929996}.Debug|Any CPU.Build.0 = Debug|Any CPU
		{DB56E2C6-6C5B-41BD-9D77-BF4CC4929996}.Release|Any CPU.ActiveCfg = Release|Any CPU
		{DB56E2C6-6C5B-41BD-9D77-BF4CC4929996}.Release|Any CPU.Build.0 = Release|Any CPU
		{5812EE09-4444-478D-95C1-9E7DF222481C}.Debug|Any CPU.ActiveCfg = Debug|Any CPU
		{5812EE09-4444-478D-95C1-9E7DF222481C}.Debug|Any CPU.Build.0 = Debug|Any CPU
		{5812EE09-4444-478D-95C1-9E7DF222481C}.Release|Any CPU.ActiveCfg = Release|Any CPU
		{5812EE09-4444-478D-95C1-9E7DF222481C}.Release|Any CPU.Build.0 = Release|Any CPU
		{FE7306AF-09E9-463E-97B2-A1C16039EC01}.Debug|Any CPU.ActiveCfg = Debug|Any CPU
		{FE7306AF-09E9-463E-97B2-A1C16039EC01}.Debug|Any CPU.Build.0 = Debug|Any CPU
		{FE7306AF-09E9-463E-97B2-A1C16039EC01}.Release|Any CPU.ActiveCfg = Release|Any CPU
		{FE7306AF-09E9-463E-97B2-A1C16039EC01}.Release|Any CPU.Build.0 = Release|Any CPU
		{FCB4503F-81E2-4CE2-9ED6-8BD8786F9EB7}.Debug|Any CPU.ActiveCfg = Debug|Any CPU
		{FCB4503F-81E2-4CE2-9ED6-8BD8786F9EB7}.Debug|Any CPU.Build.0 = Debug|Any CPU
		{FCB4503F-81E2-4CE2-9ED6-8BD8786F9EB7}.Release|Any CPU.ActiveCfg = Release|Any CPU
		{FCB4503F-81E2-4CE2-9ED6-8BD8786F9EB7}.Release|Any CPU.Build.0 = Release|Any CPU
		{5B9DC3A4-EEF8-4713-A61F-2B4B83F13CCC}.Debug|Any CPU.ActiveCfg = Debug|Any CPU
		{5B9DC3A4-EEF8-4713-A61F-2B4B83F13CCC}.Debug|Any CPU.Build.0 = Debug|Any CPU
		{5B9DC3A4-EEF8-4713-A61F-2B4B83F13CCC}.Release|Any CPU.ActiveCfg = Release|Any CPU
		{5B9DC3A4-EEF8-4713-A61F-2B4B83F13CCC}.Release|Any CPU.Build.0 = Release|Any CPU
		{54B897E4-CB56-4879-B369-AD740DE11B0B}.Debug|Any CPU.ActiveCfg = Debug|Any CPU
		{54B897E4-CB56-4879-B369-AD740DE11B0B}.Debug|Any CPU.Build.0 = Debug|Any CPU
		{54B897E4-CB56-4879-B369-AD740DE11B0B}.Release|Any CPU.ActiveCfg = Release|Any CPU
		{54B897E4-CB56-4879-B369-AD740DE11B0B}.Release|Any CPU.Build.0 = Release|Any CPU
		{8FDB46C2-43E2-4450-8F7A-05480B4AD5BA}.Debug|Any CPU.ActiveCfg = Debug|Any CPU
		{8FDB46C2-43E2-4450-8F7A-05480B4AD5BA}.Debug|Any CPU.Build.0 = Debug|Any CPU
		{8FDB46C2-43E2-4450-8F7A-05480B4AD5BA}.Release|Any CPU.ActiveCfg = Release|Any CPU
		{8FDB46C2-43E2-4450-8F7A-05480B4AD5BA}.Release|Any CPU.Build.0 = Release|Any CPU
		{15995C4E-AEFB-492F-86FA-1826471BD697}.Debug|Any CPU.ActiveCfg = Debug|Any CPU
		{15995C4E-AEFB-492F-86FA-1826471BD697}.Debug|Any CPU.Build.0 = Debug|Any CPU
		{15995C4E-AEFB-492F-86FA-1826471BD697}.Release|Any CPU.ActiveCfg = Release|Any CPU
		{15995C4E-AEFB-492F-86FA-1826471BD697}.Release|Any CPU.Build.0 = Release|Any CPU
		{A7284543-5F4D-45A1-9071-2E566683578C}.Debug|Any CPU.ActiveCfg = Debug|Any CPU
		{A7284543-5F4D-45A1-9071-2E566683578C}.Debug|Any CPU.Build.0 = Debug|Any CPU
		{A7284543-5F4D-45A1-9071-2E566683578C}.Release|Any CPU.ActiveCfg = Release|Any CPU
		{A7284543-5F4D-45A1-9071-2E566683578C}.Release|Any CPU.Build.0 = Release|Any CPU
		{02F61F31-D714-41B0-9888-1FC90F7FC489}.Debug|Any CPU.ActiveCfg = Debug|Any CPU
		{02F61F31-D714-41B0-9888-1FC90F7FC489}.Debug|Any CPU.Build.0 = Debug|Any CPU
		{02F61F31-D714-41B0-9888-1FC90F7FC489}.Release|Any CPU.ActiveCfg = Release|Any CPU
		{02F61F31-D714-41B0-9888-1FC90F7FC489}.Release|Any CPU.Build.0 = Release|Any CPU
		{D02569C3-D773-458E-8CAC-0439869DB4FA}.Debug|Any CPU.ActiveCfg = Debug|Any CPU
		{D02569C3-D773-458E-8CAC-0439869DB4FA}.Debug|Any CPU.Build.0 = Debug|Any CPU
		{D02569C3-D773-458E-8CAC-0439869DB4FA}.Release|Any CPU.ActiveCfg = Release|Any CPU
		{D02569C3-D773-458E-8CAC-0439869DB4FA}.Release|Any CPU.Build.0 = Release|Any CPU
		{B80DEC22-E559-4BA1-A414-805D233AD459}.Debug|Any CPU.ActiveCfg = Debug|Any CPU
		{B80DEC22-E559-4BA1-A414-805D233AD459}.Debug|Any CPU.Build.0 = Debug|Any CPU
		{B80DEC22-E559-4BA1-A414-805D233AD459}.Release|Any CPU.ActiveCfg = Release|Any CPU
		{B80DEC22-E559-4BA1-A414-805D233AD459}.Release|Any CPU.Build.0 = Release|Any CPU
		{FF6132D3-0A63-4A47-A3B0-EF3F8F9CC9F3}.Debug|Any CPU.ActiveCfg = Debug|Any CPU
		{FF6132D3-0A63-4A47-A3B0-EF3F8F9CC9F3}.Debug|Any CPU.Build.0 = Debug|Any CPU
		{FF6132D3-0A63-4A47-A3B0-EF3F8F9CC9F3}.Release|Any CPU.ActiveCfg = Release|Any CPU
		{FF6132D3-0A63-4A47-A3B0-EF3F8F9CC9F3}.Release|Any CPU.Build.0 = Release|Any CPU
		{9D757AB3-C705-42D7-8B2B-65E1A8946251}.Debug|Any CPU.ActiveCfg = Debug|Any CPU
		{9D757AB3-C705-42D7-8B2B-65E1A8946251}.Debug|Any CPU.Build.0 = Debug|Any CPU
		{9D757AB3-C705-42D7-8B2B-65E1A8946251}.Release|Any CPU.ActiveCfg = Release|Any CPU
		{9D757AB3-C705-42D7-8B2B-65E1A8946251}.Release|Any CPU.Build.0 = Release|Any CPU
		{DD7C4D92-028F-423E-BF38-F4EAD692394E}.Debug|Any CPU.ActiveCfg = Debug|Any CPU
		{DD7C4D92-028F-423E-BF38-F4EAD692394E}.Debug|Any CPU.Build.0 = Debug|Any CPU
		{DD7C4D92-028F-423E-BF38-F4EAD692394E}.Release|Any CPU.ActiveCfg = Release|Any CPU
		{DD7C4D92-028F-423E-BF38-F4EAD692394E}.Release|Any CPU.Build.0 = Release|Any CPU
		{ABACE705-AA09-4BAF-B4A1-EC90DB44A4C6}.Debug|Any CPU.ActiveCfg = Debug|Any CPU
		{ABACE705-AA09-4BAF-B4A1-EC90DB44A4C6}.Debug|Any CPU.Build.0 = Debug|Any CPU
		{ABACE705-AA09-4BAF-B4A1-EC90DB44A4C6}.Release|Any CPU.ActiveCfg = Release|Any CPU
		{ABACE705-AA09-4BAF-B4A1-EC90DB44A4C6}.Release|Any CPU.Build.0 = Release|Any CPU
		{D626E9E2-AFA3-40D7-81D7-F2CF9EF546E2}.Debug|Any CPU.ActiveCfg = Debug|Any CPU
		{D626E9E2-AFA3-40D7-81D7-F2CF9EF546E2}.Debug|Any CPU.Build.0 = Debug|Any CPU
		{D626E9E2-AFA3-40D7-81D7-F2CF9EF546E2}.Release|Any CPU.ActiveCfg = Release|Any CPU
		{D626E9E2-AFA3-40D7-81D7-F2CF9EF546E2}.Release|Any CPU.Build.0 = Release|Any CPU
		{827F9220-56EE-48D4-B3BC-E5BEFE2A23E1}.Debug|Any CPU.ActiveCfg = Debug|Any CPU
		{827F9220-56EE-48D4-B3BC-E5BEFE2A23E1}.Debug|Any CPU.Build.0 = Debug|Any CPU
		{827F9220-56EE-48D4-B3BC-E5BEFE2A23E1}.Release|Any CPU.ActiveCfg = Release|Any CPU
		{827F9220-56EE-48D4-B3BC-E5BEFE2A23E1}.Release|Any CPU.Build.0 = Release|Any CPU
		{E04A7B80-4D30-482D-9E4F-870142AC6262}.Debug|Any CPU.ActiveCfg = Debug|Any CPU
		{E04A7B80-4D30-482D-9E4F-870142AC6262}.Debug|Any CPU.Build.0 = Debug|Any CPU
		{E04A7B80-4D30-482D-9E4F-870142AC6262}.Release|Any CPU.ActiveCfg = Release|Any CPU
		{E04A7B80-4D30-482D-9E4F-870142AC6262}.Release|Any CPU.Build.0 = Release|Any CPU
		{EF728861-F5A2-4AE0-BA83-D21AE0D11248}.Debug|Any CPU.ActiveCfg = Debug|Any CPU
		{EF728861-F5A2-4AE0-BA83-D21AE0D11248}.Debug|Any CPU.Build.0 = Debug|Any CPU
		{EF728861-F5A2-4AE0-BA83-D21AE0D11248}.Release|Any CPU.ActiveCfg = Release|Any CPU
		{EF728861-F5A2-4AE0-BA83-D21AE0D11248}.Release|Any CPU.Build.0 = Release|Any CPU
		{474153A9-6383-43D2-B9E7-0269D85B0EB0}.Debug|Any CPU.ActiveCfg = Debug|Any CPU
		{474153A9-6383-43D2-B9E7-0269D85B0EB0}.Debug|Any CPU.Build.0 = Debug|Any CPU
		{474153A9-6383-43D2-B9E7-0269D85B0EB0}.Release|Any CPU.ActiveCfg = Release|Any CPU
		{474153A9-6383-43D2-B9E7-0269D85B0EB0}.Release|Any CPU.Build.0 = Release|Any CPU
	EndGlobalSection
	GlobalSection(SolutionProperties) = preSolution
		HideSolutionNode = FALSE
	EndGlobalSection
	GlobalSection(ExtensibilityGlobals) = postSolution
		SolutionGuid = {1A140136-2B00-4DE9-95B4-1D980A6AD6E3}
	EndGlobalSection
EndGlobal
